// !$*UTF8*$!
{
	archiveVersion = 1;
	classes = {
	};
	objectVersion = 50;
	objects = {

/* Begin PBXBuildFile section */
		5A58AAE521A25D5700A0654C /* AppDelegate.swift in Sources */ = {isa = PBXBuildFile; fileRef = 5A58AAE421A25D5700A0654C /* AppDelegate.swift */; };
		5A58AAE721A25D5700A0654C /* ViewController.swift in Sources */ = {isa = PBXBuildFile; fileRef = 5A58AAE621A25D5700A0654C /* ViewController.swift */; };
		5A58AAEA21A25D5700A0654C /* Main.storyboard in Resources */ = {isa = PBXBuildFile; fileRef = 5A58AAE821A25D5700A0654C /* Main.storyboard */; };
		5A58AAEC21A25D5900A0654C /* Assets.xcassets in Resources */ = {isa = PBXBuildFile; fileRef = 5A58AAEB21A25D5900A0654C /* Assets.xcassets */; };
		5A58AAEF21A25D5900A0654C /* LaunchScreen.storyboard in Resources */ = {isa = PBXBuildFile; fileRef = 5A58AAED21A25D5900A0654C /* LaunchScreen.storyboard */; };
		5A58AAFB21A29F0D00A0654C /* MFTongXin_Noncommercial-Regular.ttf in Resources */ = {isa = PBXBuildFile; fileRef = 5A58AAF721A29F0C00A0654C /* MFTongXin_Noncommercial-Regular.ttf */; };
		5A58AAFC21A29F0D00A0654C /* MFZhiHei_Noncommercial-Regular.ttf in Resources */ = {isa = PBXBuildFile; fileRef = 5A58AAF821A29F0D00A0654C /* MFZhiHei_Noncommercial-Regular.ttf */; };
		5A58AAFD21A29F0D00A0654C /* MFJinHei_Noncommercial-Regular.ttf in Resources */ = {isa = PBXBuildFile; fileRef = 5A58AAF921A29F0D00A0654C /* MFJinHei_Noncommercial-Regular.ttf */; };
		5A58AAFE21A29F0D00A0654C /* Gaspar Regular.otf in Resources */ = {isa = PBXBuildFile; fileRef = 5A58AAFA21A29F0D00A0654C /* Gaspar Regular.otf */; };
/* End PBXBuildFile section */

/* Begin PBXFileReference section */
		5A58AAE121A25D5700A0654C /* CustomFont.app */ = {isa = PBXFileReference; explicitFileType = wrapper.application; includeInIndex = 0; path = CustomFont.app; sourceTree = BUILT_PRODUCTS_DIR; };
		5A58AAE421A25D5700A0654C /* AppDelegate.swift */ = {isa = PBXFileReference; lastKnownFileType = sourcecode.swift; path = AppDelegate.swift; sourceTree = "<group>"; };
		5A58AAE621A25D5700A0654C /* ViewController.swift */ = {isa = PBXFileReference; lastKnownFileType = sourcecode.swift; path = ViewController.swift; sourceTree = "<group>"; };
		5A58AAE921A25D5700A0654C /* Base */ = {isa = PBXFileReference; lastKnownFileType = file.storyboard; name = Base; path = Base.lproj/Main.storyboard; sourceTree = "<group>"; };
		5A58AAEB21A25D5900A0654C /* Assets.xcassets */ = {isa = PBXFileReference; lastKnownFileType = folder.assetcatalog; path = Assets.xcassets; sourceTree = "<group>"; };
		5A58AAEE21A25D5900A0654C /* Base */ = {isa = PBXFileReference; lastKnownFileType = file.storyboard; name = Base; path = Base.lproj/LaunchScreen.storyboard; sourceTree = "<group>"; };
		5A58AAF021A25D5900A0654C /* Info.plist */ = {isa = PBXFileReference; lastKnownFileType = text.plist.xml; path = Info.plist; sourceTree = "<group>"; };
		5A58AAF721A29F0C00A0654C /* MFTongXin_Noncommercial-Regular.ttf */ = {isa = PBXFileReference; lastKnownFileType = file; path = "MFTongXin_Noncommercial-Regular.ttf"; sourceTree = "<group>"; };
		5A58AAF821A29F0D00A0654C /* MFZhiHei_Noncommercial-Regular.ttf */ = {isa = PBXFileReference; lastKnownFileType = file; path = "MFZhiHei_Noncommercial-Regular.ttf"; sourceTree = "<group>"; };
		5A58AAF921A29F0D00A0654C /* MFJinHei_Noncommercial-Regular.ttf */ = {isa = PBXFileReference; lastKnownFileType = file; path = "MFJinHei_Noncommercial-Regular.ttf"; sourceTree = "<group>"; };
		5A58AAFA21A29F0D00A0654C /* Gaspar Regular.otf */ = {isa = PBXFileReference; lastKnownFileType = file; path = "Gaspar Regular.otf"; sourceTree = "<group>"; };
/* End PBXFileReference section */

/* Begin PBXFrameworksBuildPhase section */
		5A58AADE21A25D5700A0654C /* Frameworks */ = {
			isa = PBXFrameworksBuildPhase;
			buildActionMask = 2147483647;
			files = (
			);
			runOnlyForDeploymentPostprocessing = 0;
		};
/* End PBXFrameworksBuildPhase section */

/* Begin PBXGroup section */
		5A58AAD821A25D5700A0654C = {
			isa = PBXGroup;
			children = (
				5A58AAE321A25D5700A0654C /* CustomFont */,
				5A58AAE221A25D5700A0654C /* Products */,
			);
			sourceTree = "<group>";
		};
		5A58AAE221A25D5700A0654C /* Products */ = {
			isa = PBXGroup;
			children = (
				5A58AAE121A25D5700A0654C /* CustomFont.app */,
			);
			name = Products;
			sourceTree = "<group>";
		};
		5A58AAE321A25D5700A0654C /* CustomFont */ = {
			isa = PBXGroup;
			children = (
				5A58AAE421A25D5700A0654C /* AppDelegate.swift */,
				5A58AAE621A25D5700A0654C /* ViewController.swift */,
				5A58AAE821A25D5700A0654C /* Main.storyboard */,
				5A58AAEB21A25D5900A0654C /* Assets.xcassets */,
				5A58AAED21A25D5900A0654C /* LaunchScreen.storyboard */,
				5A58AAF621A29EF100A0654C /* Fonts */,
				5A58AAF021A25D5900A0654C /* Info.plist */,
			);
			path = CustomFont;
			sourceTree = "<group>";
		};
		5A58AAF621A29EF100A0654C /* Fonts */ = {
			isa = PBXGroup;
			children = (
				5A58AAFA21A29F0D00A0654C /* Gaspar Regular.otf */,
				5A58AAF921A29F0D00A0654C /* MFJinHei_Noncommercial-Regular.ttf */,
				5A58AAF721A29F0C00A0654C /* MFTongXin_Noncommercial-Regular.ttf */,
				5A58AAF821A29F0D00A0654C /* MFZhiHei_Noncommercial-Regular.ttf */,
			);
			path = Fonts;
			sourceTree = "<group>";
		};
/* End PBXGroup section */

/* Begin PBXNativeTarget section */
		5A58AAE021A25D5700A0654C /* CustomFont */ = {
			isa = PBXNativeTarget;
			buildConfigurationList = 5A58AAF321A25D5900A0654C /* Build configuration list for PBXNativeTarget "CustomFont" */;
			buildPhases = (
				5A58AADD21A25D5700A0654C /* Sources */,
				5A58AADE21A25D5700A0654C /* Frameworks */,
				5A58AADF21A25D5700A0654C /* Resources */,
			);
			buildRules = (
			);
			dependencies = (
			);
			name = CustomFont;
			productName = CustomFont;
			productReference = 5A58AAE121A25D5700A0654C /* CustomFont.app */;
			productType = "com.apple.product-type.application";
		};
/* End PBXNativeTarget section */

/* Begin PBXProject section */
		5A58AAD921A25D5700A0654C /* Project object */ = {
			isa = PBXProject;
			attributes = {
				LastSwiftUpdateCheck = 1010;
				LastUpgradeCheck = 1010;
				ORGANIZATIONNAME = sh;
				TargetAttributes = {
					5A58AAE021A25D5700A0654C = {
						CreatedOnToolsVersion = 10.1;
					};
				};
			};
			buildConfigurationList = 5A58AADC21A25D5700A0654C /* Build configuration list for PBXProject "CustomFont" */;
			compatibilityVersion = "Xcode 9.3";
			developmentRegion = en;
			hasScannedForEncodings = 0;
			knownRegions = (
				en,
				Base,
			);
			mainGroup = 5A58AAD821A25D5700A0654C;
			productRefGroup = 5A58AAE221A25D5700A0654C /* Products */;
			projectDirPath = "";
			projectRoot = "";
			targets = (
				5A58AAE021A25D5700A0654C /* CustomFont */,
			);
		};
/* End PBXProject section */

/* Begin PBXResourcesBuildPhase section */
		5A58AADF21A25D5700A0654C /* Resources */ = {
			isa = PBXResourcesBuildPhase;
			buildActionMask = 2147483647;
			files = (
				5A58AAFE21A29F0D00A0654C /* Gaspar Regular.otf in Resources */,
				5A58AAEF21A25D5900A0654C /* LaunchScreen.storyboard in Resources */,
				5A58AAFC21A29F0D00A0654C /* MFZhiHei_Noncommercial-Regular.ttf in Resources */,
				5A58AAEC21A25D5900A0654C /* Assets.xcassets in Resources */,
				5A58AAFD21A29F0D00A0654C /* MFJinHei_Noncommercial-Regular.ttf in Resources */,
				5A58AAFB21A29F0D00A0654C /* MFTongXin_Noncommercial-Regular.ttf in Resources */,
				5A58AAEA21A25D5700A0654C /* Main.storyboard in Resources */,
			);
			runOnlyForDeploymentPostprocessing = 0;
		};
/* End PBXResourcesBuildPhase section */

/* Begin PBXSourcesBuildPhase section */
		5A58AADD21A25D5700A0654C /* Sources */ = {
			isa = PBXSourcesBuildPhase;
			buildActionMask = 2147483647;
			files = (
				5A58AAE721A25D5700A0654C /* ViewController.swift in Sources */,
				5A58AAE521A25D5700A0654C /* AppDelegate.swift in Sources */,
			);
			runOnlyForDeploymentPostprocessing = 0;
		};
/* End PBXSourcesBuildPhase section */

/* Begin PBXVariantGroup section */
		5A58AAE821A25D5700A0654C /* Main.storyboard */ = {
			isa = PBXVariantGroup;
			children = (
				5A58AAE921A25D5700A0654C /* Base */,
			);
			name = Main.storyboard;
			sourceTree = "<group>";
		};
		5A58AAED21A25D5900A0654C /* LaunchScreen.storyboard */ = {
			isa = PBXVariantGroup;
			children = (
				5A58AAEE21A25D5900A0654C /* Base */,
			);
			name = LaunchScreen.storyboard;
			sourceTree = "<group>";
		};
/* End PBXVariantGroup section */

/* Begin XCBuildConfiguration section */
		5A58AAF121A25D5900A0654C /* Debug */ = {
			isa = XCBuildConfiguration;
			buildSettings = {
				ALWAYS_SEARCH_USER_PATHS = NO;
				CLANG_ANALYZER_NONNULL = YES;
				CLANG_ANALYZER_NUMBER_OBJECT_CONVERSION = YES_AGGRESSIVE;
				CLANG_CXX_LANGUAGE_STANDARD = "gnu++14";
				CLANG_CXX_LIBRARY = "libc++";
				CLANG_ENABLE_MODULES = YES;
				CLANG_ENABLE_OBJC_ARC = YES;
				CLANG_ENABLE_OBJC_WEAK = YES;
				CLANG_WARN_BLOCK_CAPTURE_AUTORELEASING = YES;
				CLANG_WARN_BOOL_CONVERSION = YES;
				CLANG_WARN_COMMA = YES;
				CLANG_WARN_CONSTANT_CONVERSION = YES;
				CLANG_WARN_DEPRECATED_OBJC_IMPLEMENTATIONS = YES;
				CLANG_WARN_DIRECT_OBJC_ISA_USAGE = YES_ERROR;
				CLANG_WARN_DOCUMENTATION_COMMENTS = YES;
				CLANG_WARN_EMPTY_BODY = YES;
				CLANG_WARN_ENUM_CONVERSION = YES;
				CLANG_WARN_INFINITE_RECURSION = YES;
				CLANG_WARN_INT_CONVERSION = YES;
				CLANG_WARN_NON_LITERAL_NULL_CONVERSION = YES;
				CLANG_WARN_OBJC_IMPLICIT_RETAIN_SELF = YES;
				CLANG_WARN_OBJC_LITERAL_CONVERSION = YES;
				CLANG_WARN_OBJC_ROOT_CLASS = YES_ERROR;
				CLANG_WARN_RANGE_LOOP_ANALYSIS = YES;
				CLANG_WARN_STRICT_PROTOTYPES = YES;
				CLANG_WARN_SUSPICIOUS_MOVE = YES;
				CLANG_WARN_UNGUARDED_AVAILABILITY = YES_AGGRESSIVE;
				CLANG_WARN_UNREACHABLE_CODE = YES;
				CLANG_WARN__DUPLICATE_METHOD_MATCH = YES;
				CODE_SIGN_IDENTITY = "iPhone Developer";
				COPY_PHASE_STRIP = NO;
				DEBUG_INFORMATION_FORMAT = dwarf;
				ENABLE_STRICT_OBJC_MSGSEND = YES;
				ENABLE_TESTABILITY = YES;
				GCC_C_LANGUAGE_STANDARD = gnu11;
				GCC_DYNAMIC_NO_PIC = NO;
				GCC_NO_COMMON_BLOCKS = YES;
				GCC_OPTIMIZATION_LEVEL = 0;
				GCC_PREPROCESSOR_DEFINITIONS = (
					"DEBUG=1",
					"$(inherited)",
				);
				GCC_WARN_64_TO_32_BIT_CONVERSION = YES;
				GCC_WARN_ABOUT_RETURN_TYPE = YES_ERROR;
				GCC_WARN_UNDECLARED_SELECTOR = YES;
				GCC_WARN_UNINITIALIZED_AUTOS = YES_AGGRESSIVE;
				GCC_WARN_UNUSED_FUNCTION = YES;
				GCC_WARN_UNUSED_VARIABLE = YES;
				IPHONEOS_DEPLOYMENT_TARGET = 12.1;
				MTL_ENABLE_DEBUG_INFO = INCLUDE_SOURCE;
				MTL_FAST_MATH = YES;
				ONLY_ACTIVE_ARCH = YES;
				SDKROOT = iphoneos;
				SWIFT_ACTIVE_COMPILATION_CONDITIONS = DEBUG;
				SWIFT_OPTIMIZATION_LEVEL = "-Onone";
			};
			name = Debug;
		};
		5A58AAF221A25D5900A0654C /* Release */ = {
			isa = XCBuildConfiguration;
			buildSettings = {
				ALWAYS_SEARCH_USER_PATHS = NO;
				CLANG_ANALYZER_NONNULL = YES;
				CLANG_ANALYZER_NUMBER_OBJECT_CONVERSION = YES_AGGRESSIVE;
				CLANG_CXX_LANGUAGE_STANDARD = "gnu++14";
				CLANG_CXX_LIBRARY = "libc++";
				CLANG_ENABLE_MODULES = YES;
				CLANG_ENABLE_OBJC_ARC = YES;
				CLANG_ENABLE_OBJC_WEAK = YES;
				CLANG_WARN_BLOCK_CAPTURE_AUTORELEASING = YES;
				CLANG_WARN_BOOL_CONVERSION = YES;
				CLANG_WARN_COMMA = YES;
				CLANG_WARN_CONSTANT_CONVERSION = YES;
				CLANG_WARN_DEPRECATED_OBJC_IMPLEMENTATIONS = YES;
				CLANG_WARN_DIRECT_OBJC_ISA_USAGE = YES_ERROR;
				CLANG_WARN_DOCUMENTATION_COMMENTS = YES;
				CLANG_WARN_EMPTY_BODY = YES;
				CLANG_WARN_ENUM_CONVERSION = YES;
				CLANG_WARN_INFINITE_RECURSION = YES;
				CLANG_WARN_INT_CONVERSION = YES;
				CLANG_WARN_NON_LITERAL_NULL_CONVERSION = YES;
				CLANG_WARN_OBJC_IMPLICIT_RETAIN_SELF = YES;
				CLANG_WARN_OBJC_LITERAL_CONVERSION = YES;
				CLANG_WARN_OBJC_ROOT_CLASS = YES_ERROR;
				CLANG_WARN_RANGE_LOOP_ANALYSIS = YES;
				CLANG_WARN_STRICT_PROTOTYPES = YES;
				CLANG_WARN_SUSPICIOUS_MOVE = YES;
				CLANG_WARN_UNGUARDED_AVAILABILITY = YES_AGGRESSIVE;
				CLANG_WARN_UNREACHABLE_CODE = YES;
				CLANG_WARN__DUPLICATE_METHOD_MATCH = YES;
				CODE_SIGN_IDENTITY = "iPhone Developer";
				COPY_PHASE_STRIP = NO;
				DEBUG_INFORMATION_FORMAT = "dwarf-with-dsym";
				ENABLE_NS_ASSERTIONS = NO;
				ENABLE_STRICT_OBJC_MSGSEND = YES;
				GCC_C_LANGUAGE_STANDARD = gnu11;
				GCC_NO_COMMON_BLOCKS = YES;
				GCC_WARN_64_TO_32_BIT_CONVERSION = YES;
				GCC_WARN_ABOUT_RETURN_TYPE = YES_ERROR;
				GCC_WARN_UNDECLARED_SELECTOR = YES;
				GCC_WARN_UNINITIALIZED_AUTOS = YES_AGGRESSIVE;
				GCC_WARN_UNUSED_FUNCTION = YES;
				GCC_WARN_UNUSED_VARIABLE = YES;
				IPHONEOS_DEPLOYMENT_TARGET = 12.1;
				MTL_ENABLE_DEBUG_INFO = NO;
				MTL_FAST_MATH = YES;
				SDKROOT = iphoneos;
				SWIFT_COMPILATION_MODE = wholemodule;
				SWIFT_OPTIMIZATION_LEVEL = "-O";
				VALIDATE_PRODUCT = YES;
			};
			name = Release;
		};
		5A58AAF421A25D5900A0654C /* Debug */ = {
			isa = XCBuildConfiguration;
			buildSettings = {
				ASSETCATALOG_COMPILER_APPICON_NAME = AppIcon;
				CODE_SIGN_STYLE = Automatic;
				DEVELOPMENT_TEAM = WWZNZ7JUU2;
				INFOPLIST_FILE = CustomFont/Info.plist;
				LD_RUNPATH_SEARCH_PATHS = (
					"$(inherited)",
					"@executable_path/Frameworks",
				);
				PRODUCT_BUNDLE_IDENTIFIER = sh.CustomFont;
				PRODUCT_NAME = "$(TARGET_NAME)";
				SWIFT_VERSION = 4.2;
				TARGETED_DEVICE_FAMILY = "1,2";
			};
			name = Debug;
		};
		5A58AAF521A25D5900A0654C /* Release */ = {
			isa = XCBuildConfiguration;
			buildSettings = {
				ASSETCATALOG_COMPILER_APPICON_NAME = AppIcon;
				CODE_SIGN_STYLE = Automatic;
				DEVELOPMENT_TEAM = WWZNZ7JUU2;
				INFOPLIST_FILE = CustomFont/Info.plist;
				LD_RUNPATH_SEARCH_PATHS = (
					"$(inherited)",
					"@executable_path/Frameworks",
				);
				PRODUCT_BUNDLE_IDENTIFIER = sh.CustomFont;
				PRODUCT_NAME = "$(TARGET_NAME)";
				SWIFT_VERSION = 4.2;
				TARGETED_DEVICE_FAMILY = "1,2";
			};
			name = Release;
		};
/* End XCBuildConfiguration section */

/* Begin XCConfigurationList section */
		5A58AADC21A25D5700A0654C /* Build configuration list for PBXProject "CustomFont" */ = {
			isa = XCConfigurationList;
			buildConfigurations = (
				5A58AAF121A25D5900A0654C /* Debug */,
				5A58AAF221A25D5900A0654C /* Release */,
			);
			defaultConfigurationIsVisible = 0;
			defaultConfigurationName = Release;
		};
		5A58AAF321A25D5900A0654C /* Build configuration list for PBXNativeTarget "CustomFont" */ = {
			isa = XCConfigurationList;
			buildConfigurations = (
				5A58AAF421A25D5900A0654C /* Debug */,
				5A58AAF521A25D5900A0654C /* Release */,
			);
			defaultConfigurationIsVisible = 0;
			defaultConfigurationName = Release;
		};
/* End XCConfigurationList section */
	};
	rootObject = 5A58AAD921A25D5700A0654C /* Project object */;
}
